// !$*UTF8*$!
{
	archiveVersion = 1;
	classes = {
	};
	objectVersion = 56;
	objects = {

/* Begin PBXBuildFile section */
		418F882A2A9E549C00340669 /* NetworkService.swift in Sources */ = {isa = PBXBuildFile; fileRef = 418F88292A9E549C00340669 /* NetworkService.swift */; };
		418F882C2A9E5A4600340669 /* PhotosCollectionViewCell.swift in Sources */ = {isa = PBXBuildFile; fileRef = 418F882B2A9E5A4600340669 /* PhotosCollectionViewCell.swift */; };
		41A919D32A9F7DF00022F1E3 /* ImageCache.swift in Sources */ = {isa = PBXBuildFile; fileRef = 41A919D22A9F7DF00022F1E3 /* ImageCache.swift */; };
		41A919D52A9F8C710022F1E3 /* CatsSource.swift in Sources */ = {isa = PBXBuildFile; fileRef = 41A919D42A9F8C710022F1E3 /* CatsSource.swift */; };
		41EF556C2A9E420100114033 /* AppDelegate.swift in Sources */ = {isa = PBXBuildFile; fileRef = 41EF556B2A9E420100114033 /* AppDelegate.swift */; };
		41EF556E2A9E420100114033 /* SceneDelegate.swift in Sources */ = {isa = PBXBuildFile; fileRef = 41EF556D2A9E420100114033 /* SceneDelegate.swift */; };
		41EF55702A9E420100114033 /* CatsListViewController.swift in Sources */ = {isa = PBXBuildFile; fileRef = 41EF556F2A9E420100114033 /* CatsListViewController.swift */; };
		41EF55752A9E420400114033 /* Assets.xcassets in Resources */ = {isa = PBXBuildFile; fileRef = 41EF55742A9E420400114033 /* Assets.xcassets */; };
		41EF55782A9E420400114033 /* LaunchScreen.storyboard in Resources */ = {isa = PBXBuildFile; fileRef = 41EF55762A9E420400114033 /* LaunchScreen.storyboard */; };
		7CE220052AA07A0000ED1C2A /* CatsListViewModel.swift in Sources */ = {isa = PBXBuildFile; fileRef = 7CE220042AA07A0000ED1C2A /* CatsListViewModel.swift */; };
		7CE220082AA07A5400ED1C2A /* CatsListModel.swift in Sources */ = {isa = PBXBuildFile; fileRef = 7CE220072AA07A5400ED1C2A /* CatsListModel.swift */; };
		7CE2200A2AA07A8A00ED1C2A /* CatsListViewModelProtocol.swift in Sources */ = {isa = PBXBuildFile; fileRef = 7CE220092AA07A8A00ED1C2A /* CatsListViewModelProtocol.swift */; };
/* End PBXBuildFile section */

/* Begin PBXFileReference section */
		418F88292A9E549C00340669 /* NetworkService.swift */ = {isa = PBXFileReference; lastKnownFileType = sourcecode.swift; path = NetworkService.swift; sourceTree = "<group>"; };
		418F882B2A9E5A4600340669 /* PhotosCollectionViewCell.swift */ = {isa = PBXFileReference; lastKnownFileType = sourcecode.swift; path = PhotosCollectionViewCell.swift; sourceTree = "<group>"; };
		41A919D22A9F7DF00022F1E3 /* ImageCache.swift */ = {isa = PBXFileReference; lastKnownFileType = sourcecode.swift; path = ImageCache.swift; sourceTree = "<group>"; };
		41A919D42A9F8C710022F1E3 /* CatsSource.swift */ = {isa = PBXFileReference; lastKnownFileType = sourcecode.swift; path = CatsSource.swift; sourceTree = "<group>"; };
		41EF55682A9E420100114033 /* DogImages.app */ = {isa = PBXFileReference; explicitFileType = wrapper.application; includeInIndex = 0; path = DogImages.app; sourceTree = BUILT_PRODUCTS_DIR; };
		41EF556B2A9E420100114033 /* AppDelegate.swift */ = {isa = PBXFileReference; lastKnownFileType = sourcecode.swift; path = AppDelegate.swift; sourceTree = "<group>"; };
		41EF556D2A9E420100114033 /* SceneDelegate.swift */ = {isa = PBXFileReference; lastKnownFileType = sourcecode.swift; path = SceneDelegate.swift; sourceTree = "<group>"; };
		41EF556F2A9E420100114033 /* CatsListViewController.swift */ = {isa = PBXFileReference; lastKnownFileType = sourcecode.swift; path = CatsListViewController.swift; sourceTree = "<group>"; };
		41EF55742A9E420400114033 /* Assets.xcassets */ = {isa = PBXFileReference; lastKnownFileType = folder.assetcatalog; path = Assets.xcassets; sourceTree = "<group>"; };
		41EF55772A9E420400114033 /* Base */ = {isa = PBXFileReference; lastKnownFileType = file.storyboard; name = Base; path = Base.lproj/LaunchScreen.storyboard; sourceTree = "<group>"; };
		41EF55792A9E420400114033 /* Info.plist */ = {isa = PBXFileReference; lastKnownFileType = text.plist.xml; path = Info.plist; sourceTree = "<group>"; };
		7CE220042AA07A0000ED1C2A /* CatsListViewModel.swift */ = {isa = PBXFileReference; lastKnownFileType = sourcecode.swift; path = CatsListViewModel.swift; sourceTree = "<group>"; };
		7CE220072AA07A5400ED1C2A /* CatsListModel.swift */ = {isa = PBXFileReference; lastKnownFileType = sourcecode.swift; path = CatsListModel.swift; sourceTree = "<group>"; };
		7CE220092AA07A8A00ED1C2A /* CatsListViewModelProtocol.swift */ = {isa = PBXFileReference; lastKnownFileType = sourcecode.swift; path = CatsListViewModelProtocol.swift; sourceTree = "<group>"; };
/* End PBXFileReference section */

/* Begin PBXFrameworksBuildPhase section */
		41EF55652A9E420100114033 /* Frameworks */ = {
			isa = PBXFrameworksBuildPhase;
			buildActionMask = 2147483647;
			files = (
			);
			runOnlyForDeploymentPostprocessing = 0;
		};
/* End PBXFrameworksBuildPhase section */

/* Begin PBXGroup section */
		41A919D62A9F8C9B0022F1E3 /* Services */ = {
			isa = PBXGroup;
			children = (
				41A919D22A9F7DF00022F1E3 /* ImageCache.swift */,
				41A919D42A9F8C710022F1E3 /* CatsSource.swift */,
				418F88292A9E549C00340669 /* NetworkService.swift */,
			);
			path = Services;
			sourceTree = "<group>";
		};
		41A919D72A9F8CE70022F1E3 /* View */ = {
			isa = PBXGroup;
			children = (
				41EF556F2A9E420100114033 /* CatsListViewController.swift */,
				41A919D82A9F8D270022F1E3 /* Cells */,
			);
			path = View;
			sourceTree = "<group>";
		};
		41A919D82A9F8D270022F1E3 /* Cells */ = {
			isa = PBXGroup;
			children = (
				418F882B2A9E5A4600340669 /* PhotosCollectionViewCell.swift */,
			);
			path = Cells;
			sourceTree = "<group>";
		};
		41A919D92AA087490022F1E3 /* Application */ = {
			isa = PBXGroup;
			children = (
				41EF556B2A9E420100114033 /* AppDelegate.swift */,
				41EF556D2A9E420100114033 /* SceneDelegate.swift */,
			);
			path = Application;
			sourceTree = "<group>";
		};
		41EF555F2A9E420000114033 = {
			isa = PBXGroup;
			children = (
				41EF556A2A9E420100114033 /* DogImages */,
				41EF55692A9E420100114033 /* Products */,
			);
			sourceTree = "<group>";
		};
		41EF55692A9E420100114033 /* Products */ = {
			isa = PBXGroup;
			children = (
				41EF55682A9E420100114033 /* DogImages.app */,
			);
			name = Products;
			sourceTree = "<group>";
		};
		41EF556A2A9E420100114033 /* DogImages */ = {
			isa = PBXGroup;
			children = (
				41A919D92AA087490022F1E3 /* Application */,
				7CE220062AA07A3900ED1C2A /* Model */,
				7CE220032AA079BE00ED1C2A /* ViewModel */,
				41A919D72A9F8CE70022F1E3 /* View */,
				41A919D62A9F8C9B0022F1E3 /* Services */,
				41EF55742A9E420400114033 /* Assets.xcassets */,
				41EF55762A9E420400114033 /* LaunchScreen.storyboard */,
				41EF55792A9E420400114033 /* Info.plist */,
			);
			path = DogImages;
			sourceTree = "<group>";
		};
		7CE220032AA079BE00ED1C2A /* ViewModel */ = {
			isa = PBXGroup;
			children = (
				7CE220042AA07A0000ED1C2A /* CatsListViewModel.swift */,
				7CE220092AA07A8A00ED1C2A /* CatsListViewModelProtocol.swift */,
			);
			path = ViewModel;
			sourceTree = "<group>";
		};
		7CE220062AA07A3900ED1C2A /* Model */ = {
			isa = PBXGroup;
			children = (
				7CE220072AA07A5400ED1C2A /* CatsListModel.swift */,
			);
			path = Model;
			sourceTree = "<group>";
		};
/* End PBXGroup section */

/* Begin PBXNativeTarget section */
		41EF55672A9E420100114033 /* DogImages */ = {
			isa = PBXNativeTarget;
			buildConfigurationList = 41EF557C2A9E420400114033 /* Build configuration list for PBXNativeTarget "DogImages" */;
			buildPhases = (
				41EF55642A9E420100114033 /* Sources */,
				41EF55652A9E420100114033 /* Frameworks */,
				41EF55662A9E420100114033 /* Resources */,
			);
			buildRules = (
			);
			dependencies = (
			);
			name = DogImages;
			productName = DogImages;
			productReference = 41EF55682A9E420100114033 /* DogImages.app */;
			productType = "com.apple.product-type.application";
		};
/* End PBXNativeTarget section */

/* Begin PBXProject section */
		41EF55602A9E420000114033 /* Project object */ = {
			isa = PBXProject;
			attributes = {
				BuildIndependentTargetsInParallel = 1;
				LastSwiftUpdateCheck = 1430;
				LastUpgradeCheck = 1430;
				TargetAttributes = {
					41EF55672A9E420100114033 = {
						CreatedOnToolsVersion = 14.3.1;
					};
				};
			};
			buildConfigurationList = 41EF55632A9E420000114033 /* Build configuration list for PBXProject "DogImages" */;
			compatibilityVersion = "Xcode 14.0";
			developmentRegion = en;
			hasScannedForEncodings = 0;
			knownRegions = (
				en,
				Base,
			);
			mainGroup = 41EF555F2A9E420000114033;
			productRefGroup = 41EF55692A9E420100114033 /* Products */;
			projectDirPath = "";
			projectRoot = "";
			targets = (
				41EF55672A9E420100114033 /* DogImages */,
			);
		};
/* End PBXProject section */

/* Begin PBXResourcesBuildPhase section */
		41EF55662A9E420100114033 /* Resources */ = {
			isa = PBXResourcesBuildPhase;
			buildActionMask = 2147483647;
			files = (
				41EF55782A9E420400114033 /* LaunchScreen.storyboard in Resources */,
				41EF55752A9E420400114033 /* Assets.xcassets in Resources */,
			);
			runOnlyForDeploymentPostprocessing = 0;
		};
/* End PBXResourcesBuildPhase section */

/* Begin PBXSourcesBuildPhase section */
		41EF55642A9E420100114033 /* Sources */ = {
			isa = PBXSourcesBuildPhase;
			buildActionMask = 2147483647;
			files = (
				41EF55702A9E420100114033 /* CatsListViewController.swift in Sources */,
				41A919D52A9F8C710022F1E3 /* CatsSource.swift in Sources */,
				41A919D32A9F7DF00022F1E3 /* ImageCache.swift in Sources */,
				7CE220082AA07A5400ED1C2A /* CatsListModel.swift in Sources */,
				41EF556C2A9E420100114033 /* AppDelegate.swift in Sources */,
				41EF556E2A9E420100114033 /* SceneDelegate.swift in Sources */,
				7CE220052AA07A0000ED1C2A /* CatsListViewModel.swift in Sources */,
				418F882A2A9E549C00340669 /* NetworkService.swift in Sources */,
				418F882C2A9E5A4600340669 /* PhotosCollectionViewCell.swift in Sources */,
				7CE2200A2AA07A8A00ED1C2A /* CatsListViewModelProtocol.swift in Sources */,
			);
			runOnlyForDeploymentPostprocessing = 0;
		};
/* End PBXSourcesBuildPhase section */

/* Begin PBXVariantGroup section */
		41EF55762A9E420400114033 /* LaunchScreen.storyboard */ = {
			isa = PBXVariantGroup;
			children = (
				41EF55772A9E420400114033 /* Base */,
			);
			name = LaunchScreen.storyboard;
			sourceTree = "<group>";
		};
/* End PBXVariantGroup section */

/* Begin XCBuildConfiguration section */
		41EF557A2A9E420400114033 /* Debug */ = {
			isa = XCBuildConfiguration;
			buildSettings = {
				ALWAYS_SEARCH_USER_PATHS = NO;
				CLANG_ANALYZER_NONNULL = YES;
				CLANG_ANALYZER_NUMBER_OBJECT_CONVERSION = YES_AGGRESSIVE;
				CLANG_CXX_LANGUAGE_STANDARD = "gnu++20";
				CLANG_ENABLE_MODULES = YES;
				CLANG_ENABLE_OBJC_ARC = YES;
				CLANG_ENABLE_OBJC_WEAK = YES;
				CLANG_WARN_BLOCK_CAPTURE_AUTORELEASING = YES;
				CLANG_WARN_BOOL_CONVERSION = YES;
				CLANG_WARN_COMMA = YES;
				CLANG_WARN_CONSTANT_CONVERSION = YES;
				CLANG_WARN_DEPRECATED_OBJC_IMPLEMENTATIONS = YES;
				CLANG_WARN_DIRECT_OBJC_ISA_USAGE = YES_ERROR;
				CLANG_WARN_DOCUMENTATION_COMMENTS = YES;
				CLANG_WARN_EMPTY_BODY = YES;
				CLANG_WARN_ENUM_CONVERSION = YES;
				CLANG_WARN_INFINITE_RECURSION = YES;
				CLANG_WARN_INT_CONVERSION = YES;
				CLANG_WARN_NON_LITERAL_NULL_CONVERSION = YES;
				CLANG_WARN_OBJC_IMPLICIT_RETAIN_SELF = YES;
				CLANG_WARN_OBJC_LITERAL_CONVERSION = YES;
				CLANG_WARN_OBJC_ROOT_CLASS = YES_ERROR;
				CLANG_WARN_QUOTED_INCLUDE_IN_FRAMEWORK_HEADER = YES;
				CLANG_WARN_RANGE_LOOP_ANALYSIS = YES;
				CLANG_WARN_STRICT_PROTOTYPES = YES;
				CLANG_WARN_SUSPICIOUS_MOVE = YES;
				CLANG_WARN_UNGUARDED_AVAILABILITY = YES_AGGRESSIVE;
				CLANG_WARN_UNREACHABLE_CODE = YES;
				CLANG_WARN__DUPLICATE_METHOD_MATCH = YES;
				COPY_PHASE_STRIP = NO;
				DEBUG_INFORMATION_FORMAT = dwarf;
				ENABLE_STRICT_OBJC_MSGSEND = YES;
				ENABLE_TESTABILITY = YES;
				GCC_C_LANGUAGE_STANDARD = gnu11;
				GCC_DYNAMIC_NO_PIC = NO;
				GCC_NO_COMMON_BLOCKS = YES;
				GCC_OPTIMIZATION_LEVEL = 0;
				GCC_PREPROCESSOR_DEFINITIONS = (
					"DEBUG=1",
					"$(inherited)",
				);
				GCC_WARN_64_TO_32_BIT_CONVERSION = YES;
				GCC_WARN_ABOUT_RETURN_TYPE = YES_ERROR;
				GCC_WARN_UNDECLARED_SELECTOR = YES;
				GCC_WARN_UNINITIALIZED_AUTOS = YES_AGGRESSIVE;
				GCC_WARN_UNUSED_FUNCTION = YES;
				GCC_WARN_UNUSED_VARIABLE = YES;
				IPHONEOS_DEPLOYMENT_TARGET = 16.4;
				MTL_ENABLE_DEBUG_INFO = INCLUDE_SOURCE;
				MTL_FAST_MATH = YES;
				ONLY_ACTIVE_ARCH = YES;
				SDKROOT = iphoneos;
				SWIFT_ACTIVE_COMPILATION_CONDITIONS = DEBUG;
				SWIFT_OPTIMIZATION_LEVEL = "-Onone";
			};
			name = Debug;
		};
		41EF557B2A9E420400114033 /* Release */ = {
			isa = XCBuildConfiguration;
			buildSettings = {
				ALWAYS_SEARCH_USER_PATHS = NO;
				CLANG_ANALYZER_NONNULL = YES;
				CLANG_ANALYZER_NUMBER_OBJECT_CONVERSION = YES_AGGRESSIVE;
				CLANG_CXX_LANGUAGE_STANDARD = "gnu++20";
				CLANG_ENABLE_MODULES = YES;
				CLANG_ENABLE_OBJC_ARC = YES;
				CLANG_ENABLE_OBJC_WEAK = YES;
				CLANG_WARN_BLOCK_CAPTURE_AUTORELEASING = YES;
				CLANG_WARN_BOOL_CONVERSION = YES;
				CLANG_WARN_COMMA = YES;
				CLANG_WARN_CONSTANT_CONVERSION = YES;
				CLANG_WARN_DEPRECATED_OBJC_IMPLEMENTATIONS = YES;
				CLANG_WARN_DIRECT_OBJC_ISA_USAGE = YES_ERROR;
				CLANG_WARN_DOCUMENTATION_COMMENTS = YES;
				CLANG_WARN_EMPTY_BODY = YES;
				CLANG_WARN_ENUM_CONVERSION = YES;
				CLANG_WARN_INFINITE_RECURSION = YES;
				CLANG_WARN_INT_CONVERSION = YES;
				CLANG_WARN_NON_LITERAL_NULL_CONVERSION = YES;
				CLANG_WARN_OBJC_IMPLICIT_RETAIN_SELF = YES;
				CLANG_WARN_OBJC_LITERAL_CONVERSION = YES;
				CLANG_WARN_OBJC_ROOT_CLASS = YES_ERROR;
				CLANG_WARN_QUOTED_INCLUDE_IN_FRAMEWORK_HEADER = YES;
				CLANG_WARN_RANGE_LOOP_ANALYSIS = YES;
				CLANG_WARN_STRICT_PROTOTYPES = YES;
				CLANG_WARN_SUSPICIOUS_MOVE = YES;
				CLANG_WARN_UNGUARDED_AVAILABILITY = YES_AGGRESSIVE;
				CLANG_WARN_UNREACHABLE_CODE = YES;
				CLANG_WARN__DUPLICATE_METHOD_MATCH = YES;
				COPY_PHASE_STRIP = NO;
				DEBUG_INFORMATION_FORMAT = "dwarf-with-dsym";
				ENABLE_NS_ASSERTIONS = NO;
				ENABLE_STRICT_OBJC_MSGSEND = YES;
				GCC_C_LANGUAGE_STANDARD = gnu11;
				GCC_NO_COMMON_BLOCKS = YES;
				GCC_WARN_64_TO_32_BIT_CONVERSION = YES;
				GCC_WARN_ABOUT_RETURN_TYPE = YES_ERROR;
				GCC_WARN_UNDECLARED_SELECTOR = YES;
				GCC_WARN_UNINITIALIZED_AUTOS = YES_AGGRESSIVE;
				GCC_WARN_UNUSED_FUNCTION = YES;
				GCC_WARN_UNUSED_VARIABLE = YES;
				IPHONEOS_DEPLOYMENT_TARGET = 16.4;
				MTL_ENABLE_DEBUG_INFO = NO;
				MTL_FAST_MATH = YES;
				SDKROOT = iphoneos;
				SWIFT_COMPILATION_MODE = wholemodule;
				SWIFT_OPTIMIZATION_LEVEL = "-O";
				VALIDATE_PRODUCT = YES;
			};
			name = Release;
		};
		41EF557D2A9E420400114033 /* Debug */ = {
			isa = XCBuildConfiguration;
			buildSettings = {
				ASSETCATALOG_COMPILER_APPICON_NAME = AppIcon;
				ASSETCATALOG_COMPILER_GLOBAL_ACCENT_COLOR_NAME = AccentColor;
				CODE_SIGN_STYLE = Automatic;
				CURRENT_PROJECT_VERSION = 1;
				DEVELOPMENT_TEAM = G9URSGG6MM;
				GENERATE_INFOPLIST_FILE = YES;
				INFOPLIST_FILE = DogImages/Info.plist;
				INFOPLIST_KEY_UIApplicationSupportsIndirectInputEvents = YES;
				INFOPLIST_KEY_UILaunchStoryboardName = LaunchScreen;
				INFOPLIST_KEY_UISupportedInterfaceOrientations_iPad = "UIInterfaceOrientationPortrait UIInterfaceOrientationPortraitUpsideDown UIInterfaceOrientationLandscapeLeft UIInterfaceOrientationLandscapeRight";
				INFOPLIST_KEY_UISupportedInterfaceOrientations_iPhone = "UIInterfaceOrientationPortrait UIInterfaceOrientationLandscapeLeft UIInterfaceOrientationLandscapeRight";
				LD_RUNPATH_SEARCH_PATHS = (
					"$(inherited)",
					"@executable_path/Frameworks",
				);
				MARKETING_VERSION = 1.0;
				PRODUCT_BUNDLE_IDENTIFIER = "losbsu50-gmail.com.DogImages";
				PRODUCT_NAME = "$(TARGET_NAME)";
				SWIFT_EMIT_LOC_STRINGS = YES;
				SWIFT_VERSION = 5.0;
				TARGETED_DEVICE_FAMILY = "1,2";
			};
			name = Debug;
		};
		41EF557E2A9E420400114033 /* Release */ = {
			isa = XCBuildConfiguration;
			buildSettings = {
				ASSETCATALOG_COMPILER_APPICON_NAME = AppIcon;
				ASSETCATALOG_COMPILER_GLOBAL_ACCENT_COLOR_NAME = AccentColor;
				CODE_SIGN_STYLE = Automatic;
				CURRENT_PROJECT_VERSION = 1;
				DEVELOPMENT_TEAM = G9URSGG6MM;
				GENERATE_INFOPLIST_FILE = YES;
				INFOPLIST_FILE = DogImages/Info.plist;
				INFOPLIST_KEY_UIApplicationSupportsIndirectInputEvents = YES;
				INFOPLIST_KEY_UILaunchStoryboardName = LaunchScreen;
				INFOPLIST_KEY_UISupportedInterfaceOrientations_iPad = "UIInterfaceOrientationPortrait UIInterfaceOrientationPortraitUpsideDown UIInterfaceOrientationLandscapeLeft UIInterfaceOrientationLandscapeRight";
				INFOPLIST_KEY_UISupportedInterfaceOrientations_iPhone = "UIInterfaceOrientationPortrait UIInterfaceOrientationLandscapeLeft UIInterfaceOrientationLandscapeRight";
				LD_RUNPATH_SEARCH_PATHS = (
					"$(inherited)",
					"@executable_path/Frameworks",
				);
				MARKETING_VERSION = 1.0;
				PRODUCT_BUNDLE_IDENTIFIER = "losbsu50-gmail.com.DogImages";
				PRODUCT_NAME = "$(TARGET_NAME)";
				SWIFT_EMIT_LOC_STRINGS = YES;
				SWIFT_VERSION = 5.0;
				TARGETED_DEVICE_FAMILY = "1,2";
			};
			name = Release;
		};
/* End XCBuildConfiguration section */

/* Begin XCConfigurationList section */
		41EF55632A9E420000114033 /* Build configuration list for PBXProject "DogImages" */ = {
			isa = XCConfigurationList;
			buildConfigurations = (
				41EF557A2A9E420400114033 /* Debug */,
				41EF557B2A9E420400114033 /* Release */,
			);
			defaultConfigurationIsVisible = 0;
			defaultConfigurationName = Release;
		};
		41EF557C2A9E420400114033 /* Build configuration list for PBXNativeTarget "DogImages" */ = {
			isa = XCConfigurationList;
			buildConfigurations = (
				41EF557D2A9E420400114033 /* Debug */,
				41EF557E2A9E420400114033 /* Release */,
			);
			defaultConfigurationIsVisible = 0;
			defaultConfigurationName = Release;
		};
/* End XCConfigurationList section */
	};
	rootObject = 41EF55602A9E420000114033 /* Project object */;
}
